
Microsoft Visual Studio Solution File, Format Version 12.00
# Visual Studio Version 16
VisualStudioVersion = 16.0.30128.74
MinimumVisualStudioVersion = 10.0.40219.1
Project("{9A19103F-16F7-4668-BE54-9A1E7A4F7556}") = "CLIMA PRACTICA", "CLIMA PRACTICA\CLIMA PRACTICA.csproj", "{90027E15-551E-4355-9E8F-1BAF93E4ADEE}"
EndProject
Global
	GlobalSection(SolutionConfigurationPlatforms) = preSolution
		Debug|Any CPU = Debug|Any CPU
		Release|Any CPU = Release|Any CPU
	EndGlobalSection
	GlobalSection(ProjectConfigurationPlatforms) = postSolution
		{90027E15-551E-4355-9E8F-1BAF93E4ADEE}.Debug|Any CPU.ActiveCfg = Debug|Any CPU
		{90027E15-551E-4355-9E8F-1BAF93E4ADEE}.Debug|Any CPU.Build.0 = Debug|Any CPU
		{90027E15-551E-4355-9E8F-1BAF93E4ADEE}.Release|Any CPU.ActiveCfg = Release|Any CPU
		{90027E15-551E-4355-9E8F-1BAF93E4ADEE}.Release|Any CPU.Build.0 = Release|Any CPU
	EndGlobalSection
	GlobalSection(SolutionProperties) = preSolution
		HideSolutionNode = FALSE
	EndGlobalSection
	GlobalSection(ExtensibilityGlobals) = postSolution
		SolutionGuid = {F675BBE1-E9B6-41C8-B483-91F39216039D}
	EndGlobalSection
EndGlobal
